// !$*UTF8*$!
{
	archiveVersion = 1;
	classes = {
	};
	objectVersion = 51;
	objects = {

/* Begin PBXBuildFile section */
		5B041CA422DF1D4400990431 /* SXGHeadLineModel.m in Sources */ = {isa = PBXBuildFile; fileRef = 5B041CA322DF1D4400990431 /* SXGHeadLineModel.m */; };
		5B19789E22DEC14B00F7694D /* AppDelegate.m in Sources */ = {isa = PBXBuildFile; fileRef = 5B19789D22DEC14B00F7694D /* AppDelegate.m */; };
		5B1978A622DEC14C00F7694D /* Assets.xcassets in Resources */ = {isa = PBXBuildFile; fileRef = 5B1978A522DEC14C00F7694D /* Assets.xcassets */; };
		5B1978A922DEC14C00F7694D /* LaunchScreen.storyboard in Resources */ = {isa = PBXBuildFile; fileRef = 5B1978A722DEC14C00F7694D /* LaunchScreen.storyboard */; };
		5B1978AC22DEC14C00F7694D /* main.m in Sources */ = {isa = PBXBuildFile; fileRef = 5B1978AB22DEC14C00F7694D /* main.m */; };
		5B1978DF22DEC43D00F7694D /* XGWeiBoLabel.m in Sources */ = {isa = PBXBuildFile; fileRef = 5B1978CB22DEC43D00F7694D /* XGWeiBoLabel.m */; };
		5B1978E022DEC43D00F7694D /* UILabel+Extension.m in Sources */ = {isa = PBXBuildFile; fileRef = 5B1978CC22DEC43D00F7694D /* UILabel+Extension.m */; };
		5B1978E122DEC43D00F7694D /* GZLabel.m in Sources */ = {isa = PBXBuildFile; fileRef = 5B1978CE22DEC43D00F7694D /* GZLabel.m */; };
		5B1978E222DEC43D00F7694D /* UINavigationController+XG.m in Sources */ = {isa = PBXBuildFile; fileRef = 5B1978D222DEC43D00F7694D /* UINavigationController+XG.m */; };
		5B1978E322DEC43D00F7694D /* XGCustomButton.m in Sources */ = {isa = PBXBuildFile; fileRef = 5B1978D722DEC43D00F7694D /* XGCustomButton.m */; };
		5B1978E422DEC43D00F7694D /* UIButton+Extension.m in Sources */ = {isa = PBXBuildFile; fileRef = 5B1978D822DEC43D00F7694D /* UIButton+Extension.m */; };
		5B1978E522DEC43D00F7694D /* UIImage+EXtension.m in Sources */ = {isa = PBXBuildFile; fileRef = 5B1978DA22DEC43D00F7694D /* UIImage+EXtension.m */; };
		5B1978E622DEC43D00F7694D /* UIView+Frame.m in Sources */ = {isa = PBXBuildFile; fileRef = 5B1978DD22DEC43D00F7694D /* UIView+Frame.m */; };
		5B1978EB22DEC45F00F7694D /* SXGNetworkTools.m in Sources */ = {isa = PBXBuildFile; fileRef = 5B1978EA22DEC45F00F7694D /* SXGNetworkTools.m */; };
		5B1978EF22DEC49700F7694D /* SXGCommon.m in Sources */ = {isa = PBXBuildFile; fileRef = 5B1978ED22DEC49700F7694D /* SXGCommon.m */; };
		5B1978F222DEC57500F7694D /* SXGHomeViewController.m in Sources */ = {isa = PBXBuildFile; fileRef = 5B1978F122DEC57500F7694D /* SXGHomeViewController.m */; };
		5B1978F522DEC84C00F7694D /* topic_news.json in Resources */ = {isa = PBXBuildFile; fileRef = 5B1978F322DEC84C00F7694D /* topic_news.json */; };
		5B1978F622DEC84C00F7694D /* newsDetail.html in Resources */ = {isa = PBXBuildFile; fileRef = 5B1978F422DEC84C00F7694D /* newsDetail.html */; };
		5B1978F922DEC86800F7694D /* SXGNewsTopicModel.m in Sources */ = {isa = PBXBuildFile; fileRef = 5B1978F822DEC86800F7694D /* SXGNewsTopicModel.m */; };
		5B5EF48F22E0616100C30690 /* SXGNewsListTableViewController.m in Sources */ = {isa = PBXBuildFile; fileRef = 5B5EF48E22E0616100C30690 /* SXGNewsListTableViewController.m */; };
		5B5EF49222E064D300C30690 /* SXGNewsModel.m in Sources */ = {isa = PBXBuildFile; fileRef = 5B5EF49122E064D300C30690 /* SXGNewsModel.m */; };
		5B5EF49622E06D9100C30690 /* SXGNormalNewsTableViewCell.m in Sources */ = {isa = PBXBuildFile; fileRef = 5B5EF49422E06D9100C30690 /* SXGNormalNewsTableViewCell.m */; };
		5B5EF49722E06D9100C30690 /* SXGNormalNewsTableViewCell.xib in Resources */ = {isa = PBXBuildFile; fileRef = 5B5EF49522E06D9100C30690 /* SXGNormalNewsTableViewCell.xib */; };
		5B5EF49A22E0709A00C30690 /* SXGNoNetworkTableViewCell.m in Sources */ = {isa = PBXBuildFile; fileRef = 5B5EF49922E0709A00C30690 /* SXGNoNetworkTableViewCell.m */; };
		5B5EF49D22E07D8D00C30690 /* SXGNewsViewModel.m in Sources */ = {isa = PBXBuildFile; fileRef = 5B5EF49C22E07D8D00C30690 /* SXGNewsViewModel.m */; };
		5B5EF4A022E07F3700C30690 /* SXGNewsListViewModel.m in Sources */ = {isa = PBXBuildFile; fileRef = 5B5EF49F22E07F3700C30690 /* SXGNewsListViewModel.m */; };
		5B5EF4A622E08CED00C30690 /* SXGNewsListCollectionViewCell.m in Sources */ = {isa = PBXBuildFile; fileRef = 5B5EF4A522E08CED00C30690 /* SXGNewsListCollectionViewCell.m */; };
		5B9AE14D22E171AE0021FB52 /* SXGExtraImageNewsTableViewCell.m in Sources */ = {isa = PBXBuildFile; fileRef = 5B9AE14B22E171AE0021FB52 /* SXGExtraImageNewsTableViewCell.m */; };
		5B9AE14E22E171AE0021FB52 /* SXGExtraImageNewsTableViewCell.xib in Resources */ = {isa = PBXBuildFile; fileRef = 5B9AE14C22E171AE0021FB52 /* SXGExtraImageNewsTableViewCell.xib */; };
		5B9AE15222E1767F0021FB52 /* SXGBigImageNewsTableViewCell.m in Sources */ = {isa = PBXBuildFile; fileRef = 5B9AE15022E1767F0021FB52 /* SXGBigImageNewsTableViewCell.m */; };
		5B9AE15322E1767F0021FB52 /* SXGBigImageNewsTableViewCell.xib in Resources */ = {isa = PBXBuildFile; fileRef = 5B9AE15122E1767F0021FB52 /* SXGBigImageNewsTableViewCell.xib */; };
		5B9AE15A22E1A8A00021FB52 /* SXGNewsDetailViewController.m in Sources */ = {isa = PBXBuildFile; fileRef = 5B9AE15922E1A8A00021FB52 /* SXGNewsDetailViewController.m */; };
		5BF0531E22DFF1D200957E98 /* SXGNewsDAL.m in Sources */ = {isa = PBXBuildFile; fileRef = 5BF0531D22DFF1D200957E98 /* SXGNewsDAL.m */; };
		5BF0532122DFF9C000957E98 /* SXGHeadLineCollectionViewController.m in Sources */ = {isa = PBXBuildFile; fileRef = 5BF0532022DFF9C000957E98 /* SXGHeadLineCollectionViewController.m */; };
		5BF0532522DFFE8C00957E98 /* SXGHeadLineCollectionViewCell.m in Sources */ = {isa = PBXBuildFile; fileRef = 5BF0532322DFFE8C00957E98 /* SXGHeadLineCollectionViewCell.m */; };
		5BF0532622DFFE8C00957E98 /* SXGHeadLineCollectionViewCell.xib in Resources */ = {isa = PBXBuildFile; fileRef = 5BF0532422DFFE8C00957E98 /* SXGHeadLineCollectionViewCell.xib */; };
		FC0EC1F49A4E94C9FDE4178D /* Pods_WYNews.framework in Frameworks */ = {isa = PBXBuildFile; fileRef = 712E4BF57E5FA3DDC94BF95D /* Pods_WYNews.framework */; };
/* End PBXBuildFile section */

/* Begin PBXFileReference section */
		4CD3F6CCE97712AC3691C6F0 /* Pods-WYNews.debug.xcconfig */ = {isa = PBXFileReference; includeInIndex = 1; lastKnownFileType = text.xcconfig; name = "Pods-WYNews.debug.xcconfig"; path = "Target Support Files/Pods-WYNews/Pods-WYNews.debug.xcconfig"; sourceTree = "<group>"; };
		5B041CA222DF1D4400990431 /* SXGHeadLineModel.h */ = {isa = PBXFileReference; lastKnownFileType = sourcecode.c.h; path = SXGHeadLineModel.h; sourceTree = "<group>"; };
		5B041CA322DF1D4400990431 /* SXGHeadLineModel.m */ = {isa = PBXFileReference; lastKnownFileType = sourcecode.c.objc; path = SXGHeadLineModel.m; sourceTree = "<group>"; };
		5B19789922DEC14B00F7694D /* WYNews.app */ = {isa = PBXFileReference; explicitFileType = wrapper.application; includeInIndex = 0; path = WYNews.app; sourceTree = BUILT_PRODUCTS_DIR; };
		5B19789C22DEC14B00F7694D /* AppDelegate.h */ = {isa = PBXFileReference; lastKnownFileType = sourcecode.c.h; path = AppDelegate.h; sourceTree = "<group>"; };
		5B19789D22DEC14B00F7694D /* AppDelegate.m */ = {isa = PBXFileReference; lastKnownFileType = sourcecode.c.objc; path = AppDelegate.m; sourceTree = "<group>"; };
		5B1978A522DEC14C00F7694D /* Assets.xcassets */ = {isa = PBXFileReference; lastKnownFileType = folder.assetcatalog; path = Assets.xcassets; sourceTree = "<group>"; };
		5B1978A822DEC14C00F7694D /* Base */ = {isa = PBXFileReference; lastKnownFileType = file.storyboard; name = Base; path = Base.lproj/LaunchScreen.storyboard; sourceTree = "<group>"; };
		5B1978AA22DEC14C00F7694D /* Info.plist */ = {isa = PBXFileReference; lastKnownFileType = text.plist.xml; path = Info.plist; sourceTree = "<group>"; };
		5B1978AB22DEC14C00F7694D /* main.m */ = {isa = PBXFileReference; lastKnownFileType = sourcecode.c.objc; path = main.m; sourceTree = "<group>"; };
		5B1978CB22DEC43D00F7694D /* XGWeiBoLabel.m */ = {isa = PBXFileReference; fileEncoding = 4; lastKnownFileType = sourcecode.c.objc; path = XGWeiBoLabel.m; sourceTree = "<group>"; };
		5B1978CC22DEC43D00F7694D /* UILabel+Extension.m */ = {isa = PBXFileReference; fileEncoding = 4; lastKnownFileType = sourcecode.c.objc; path = "UILabel+Extension.m"; sourceTree = "<group>"; };
		5B1978CD22DEC43D00F7694D /* GZLabel.h */ = {isa = PBXFileReference; fileEncoding = 4; lastKnownFileType = sourcecode.c.h; path = GZLabel.h; sourceTree = "<group>"; };
		5B1978CE22DEC43D00F7694D /* GZLabel.m */ = {isa = PBXFileReference; fileEncoding = 4; lastKnownFileType = sourcecode.c.objc; path = GZLabel.m; sourceTree = "<group>"; };
		5B1978CF22DEC43D00F7694D /* UILabel+Extension.h */ = {isa = PBXFileReference; fileEncoding = 4; lastKnownFileType = sourcecode.c.h; path = "UILabel+Extension.h"; sourceTree = "<group>"; };
		5B1978D022DEC43D00F7694D /* XGWeiBoLabel.h */ = {isa = PBXFileReference; fileEncoding = 4; lastKnownFileType = sourcecode.c.h; path = XGWeiBoLabel.h; sourceTree = "<group>"; };
		5B1978D222DEC43D00F7694D /* UINavigationController+XG.m */ = {isa = PBXFileReference; fileEncoding = 4; lastKnownFileType = sourcecode.c.objc; path = "UINavigationController+XG.m"; sourceTree = "<group>"; };
		5B1978D322DEC43D00F7694D /* UINavigationController+XG.h */ = {isa = PBXFileReference; fileEncoding = 4; lastKnownFileType = sourcecode.c.h; path = "UINavigationController+XG.h"; sourceTree = "<group>"; };
		5B1978D522DEC43D00F7694D /* XGCustomButton.h */ = {isa = PBXFileReference; fileEncoding = 4; lastKnownFileType = sourcecode.c.h; path = XGCustomButton.h; sourceTree = "<group>"; };
		5B1978D622DEC43D00F7694D /* UIButton+Extension.h */ = {isa = PBXFileReference; fileEncoding = 4; lastKnownFileType = sourcecode.c.h; path = "UIButton+Extension.h"; sourceTree = "<group>"; };
		5B1978D722DEC43D00F7694D /* XGCustomButton.m */ = {isa = PBXFileReference; fileEncoding = 4; lastKnownFileType = sourcecode.c.objc; path = XGCustomButton.m; sourceTree = "<group>"; };
		5B1978D822DEC43D00F7694D /* UIButton+Extension.m */ = {isa = PBXFileReference; fileEncoding = 4; lastKnownFileType = sourcecode.c.objc; path = "UIButton+Extension.m"; sourceTree = "<group>"; };
		5B1978DA22DEC43D00F7694D /* UIImage+EXtension.m */ = {isa = PBXFileReference; fileEncoding = 4; lastKnownFileType = sourcecode.c.objc; path = "UIImage+EXtension.m"; sourceTree = "<group>"; };
		5B1978DB22DEC43D00F7694D /* UIImage+EXtension.h */ = {isa = PBXFileReference; fileEncoding = 4; lastKnownFileType = sourcecode.c.h; path = "UIImage+EXtension.h"; sourceTree = "<group>"; };
		5B1978DD22DEC43D00F7694D /* UIView+Frame.m */ = {isa = PBXFileReference; fileEncoding = 4; lastKnownFileType = sourcecode.c.objc; path = "UIView+Frame.m"; sourceTree = "<group>"; };
		5B1978DE22DEC43D00F7694D /* UIView+Frame.h */ = {isa = PBXFileReference; fileEncoding = 4; lastKnownFileType = sourcecode.c.h; path = "UIView+Frame.h"; sourceTree = "<group>"; };
		5B1978E922DEC45F00F7694D /* SXGNetworkTools.h */ = {isa = PBXFileReference; fileEncoding = 4; lastKnownFileType = sourcecode.c.h; path = SXGNetworkTools.h; sourceTree = "<group>"; };
		5B1978EA22DEC45F00F7694D /* SXGNetworkTools.m */ = {isa = PBXFileReference; fileEncoding = 4; lastKnownFileType = sourcecode.c.objc; path = SXGNetworkTools.m; sourceTree = "<group>"; };
		5B1978EC22DEC49700F7694D /* SXGCommon.h */ = {isa = PBXFileReference; fileEncoding = 4; lastKnownFileType = sourcecode.c.h; path = SXGCommon.h; sourceTree = "<group>"; };
		5B1978ED22DEC49700F7694D /* SXGCommon.m */ = {isa = PBXFileReference; fileEncoding = 4; lastKnownFileType = sourcecode.c.objc; path = SXGCommon.m; sourceTree = "<group>"; };
		5B1978EE22DEC49700F7694D /* PrefixHeader.pch */ = {isa = PBXFileReference; fileEncoding = 4; lastKnownFileType = sourcecode.c.h; path = PrefixHeader.pch; sourceTree = "<group>"; };
		5B1978F022DEC57500F7694D /* SXGHomeViewController.h */ = {isa = PBXFileReference; lastKnownFileType = sourcecode.c.h; path = SXGHomeViewController.h; sourceTree = "<group>"; };
		5B1978F122DEC57500F7694D /* SXGHomeViewController.m */ = {isa = PBXFileReference; lastKnownFileType = sourcecode.c.objc; path = SXGHomeViewController.m; sourceTree = "<group>"; };
		5B1978F322DEC84C00F7694D /* topic_news.json */ = {isa = PBXFileReference; fileEncoding = 4; lastKnownFileType = text.json; path = topic_news.json; sourceTree = "<group>"; };
		5B1978F422DEC84C00F7694D /* newsDetail.html */ = {isa = PBXFileReference; fileEncoding = 4; lastKnownFileType = text.html; path = newsDetail.html; sourceTree = "<group>"; };
		5B1978F722DEC86800F7694D /* SXGNewsTopicModel.h */ = {isa = PBXFileReference; lastKnownFileType = sourcecode.c.h; path = SXGNewsTopicModel.h; sourceTree = "<group>"; };
		5B1978F822DEC86800F7694D /* SXGNewsTopicModel.m */ = {isa = PBXFileReference; lastKnownFileType = sourcecode.c.objc; path = SXGNewsTopicModel.m; sourceTree = "<group>"; };
		5B5EF48D22E0616100C30690 /* SXGNewsListTableViewController.h */ = {isa = PBXFileReference; lastKnownFileType = sourcecode.c.h; path = SXGNewsListTableViewController.h; sourceTree = "<group>"; };
		5B5EF48E22E0616100C30690 /* SXGNewsListTableViewController.m */ = {isa = PBXFileReference; lastKnownFileType = sourcecode.c.objc; path = SXGNewsListTableViewController.m; sourceTree = "<group>"; };
		5B5EF49022E064D300C30690 /* SXGNewsModel.h */ = {isa = PBXFileReference; lastKnownFileType = sourcecode.c.h; path = SXGNewsModel.h; sourceTree = "<group>"; };
		5B5EF49122E064D300C30690 /* SXGNewsModel.m */ = {isa = PBXFileReference; lastKnownFileType = sourcecode.c.objc; path = SXGNewsModel.m; sourceTree = "<group>"; };
		5B5EF49322E06D9100C30690 /* SXGNormalNewsTableViewCell.h */ = {isa = PBXFileReference; lastKnownFileType = sourcecode.c.h; path = SXGNormalNewsTableViewCell.h; sourceTree = "<group>"; };
		5B5EF49422E06D9100C30690 /* SXGNormalNewsTableViewCell.m */ = {isa = PBXFileReference; lastKnownFileType = sourcecode.c.objc; path = SXGNormalNewsTableViewCell.m; sourceTree = "<group>"; };
		5B5EF49522E06D9100C30690 /* SXGNormalNewsTableViewCell.xib */ = {isa = PBXFileReference; lastKnownFileType = file.xib; path = SXGNormalNewsTableViewCell.xib; sourceTree = "<group>"; };
		5B5EF49822E0709A00C30690 /* SXGNoNetworkTableViewCell.h */ = {isa = PBXFileReference; lastKnownFileType = sourcecode.c.h; path = SXGNoNetworkTableViewCell.h; sourceTree = "<group>"; };
		5B5EF49922E0709A00C30690 /* SXGNoNetworkTableViewCell.m */ = {isa = PBXFileReference; lastKnownFileType = sourcecode.c.objc; path = SXGNoNetworkTableViewCell.m; sourceTree = "<group>"; };
		5B5EF49B22E07D8D00C30690 /* SXGNewsViewModel.h */ = {isa = PBXFileReference; lastKnownFileType = sourcecode.c.h; path = SXGNewsViewModel.h; sourceTree = "<group>"; };
		5B5EF49C22E07D8D00C30690 /* SXGNewsViewModel.m */ = {isa = PBXFileReference; lastKnownFileType = sourcecode.c.objc; path = SXGNewsViewModel.m; sourceTree = "<group>"; };
		5B5EF49E22E07F3700C30690 /* SXGNewsListViewModel.h */ = {isa = PBXFileReference; lastKnownFileType = sourcecode.c.h; path = SXGNewsListViewModel.h; sourceTree = "<group>"; };
		5B5EF49F22E07F3700C30690 /* SXGNewsListViewModel.m */ = {isa = PBXFileReference; lastKnownFileType = sourcecode.c.objc; path = SXGNewsListViewModel.m; sourceTree = "<group>"; };
		5B5EF4A422E08CED00C30690 /* SXGNewsListCollectionViewCell.h */ = {isa = PBXFileReference; lastKnownFileType = sourcecode.c.h; path = SXGNewsListCollectionViewCell.h; sourceTree = "<group>"; };
		5B5EF4A522E08CED00C30690 /* SXGNewsListCollectionViewCell.m */ = {isa = PBXFileReference; lastKnownFileType = sourcecode.c.objc; path = SXGNewsListCollectionViewCell.m; sourceTree = "<group>"; };
		5B9AE14A22E171AE0021FB52 /* SXGExtraImageNewsTableViewCell.h */ = {isa = PBXFileReference; lastKnownFileType = sourcecode.c.h; path = SXGExtraImageNewsTableViewCell.h; sourceTree = "<group>"; };
		5B9AE14B22E171AE0021FB52 /* SXGExtraImageNewsTableViewCell.m */ = {isa = PBXFileReference; lastKnownFileType = sourcecode.c.objc; path = SXGExtraImageNewsTableViewCell.m; sourceTree = "<group>"; };
		5B9AE14C22E171AE0021FB52 /* SXGExtraImageNewsTableViewCell.xib */ = {isa = PBXFileReference; lastKnownFileType = file.xib; path = SXGExtraImageNewsTableViewCell.xib; sourceTree = "<group>"; };
		5B9AE14F22E1767F0021FB52 /* SXGBigImageNewsTableViewCell.h */ = {isa = PBXFileReference; lastKnownFileType = sourcecode.c.h; path = SXGBigImageNewsTableViewCell.h; sourceTree = "<group>"; };
		5B9AE15022E1767F0021FB52 /* SXGBigImageNewsTableViewCell.m */ = {isa = PBXFileReference; lastKnownFileType = sourcecode.c.objc; path = SXGBigImageNewsTableViewCell.m; sourceTree = "<group>"; };
		5B9AE15122E1767F0021FB52 /* SXGBigImageNewsTableViewCell.xib */ = {isa = PBXFileReference; lastKnownFileType = file.xib; path = SXGBigImageNewsTableViewCell.xib; sourceTree = "<group>"; };
		5B9AE15822E1A8A00021FB52 /* SXGNewsDetailViewController.h */ = {isa = PBXFileReference; lastKnownFileType = sourcecode.c.h; path = SXGNewsDetailViewController.h; sourceTree = "<group>"; };
		5B9AE15922E1A8A00021FB52 /* SXGNewsDetailViewController.m */ = {isa = PBXFileReference; lastKnownFileType = sourcecode.c.objc; path = SXGNewsDetailViewController.m; sourceTree = "<group>"; };
		5BF0531C22DFF1D200957E98 /* SXGNewsDAL.h */ = {isa = PBXFileReference; lastKnownFileType = sourcecode.c.h; path = SXGNewsDAL.h; sourceTree = "<group>"; };
		5BF0531D22DFF1D200957E98 /* SXGNewsDAL.m */ = {isa = PBXFileReference; lastKnownFileType = sourcecode.c.objc; path = SXGNewsDAL.m; sourceTree = "<group>"; };
		5BF0531F22DFF9C000957E98 /* SXGHeadLineCollectionViewController.h */ = {isa = PBXFileReference; lastKnownFileType = sourcecode.c.h; path = SXGHeadLineCollectionViewController.h; sourceTree = "<group>"; };
		5BF0532022DFF9C000957E98 /* SXGHeadLineCollectionViewController.m */ = {isa = PBXFileReference; lastKnownFileType = sourcecode.c.objc; path = SXGHeadLineCollectionViewController.m; sourceTree = "<group>"; };
		5BF0532222DFFE8C00957E98 /* SXGHeadLineCollectionViewCell.h */ = {isa = PBXFileReference; lastKnownFileType = sourcecode.c.h; path = SXGHeadLineCollectionViewCell.h; sourceTree = "<group>"; };
		5BF0532322DFFE8C00957E98 /* SXGHeadLineCollectionViewCell.m */ = {isa = PBXFileReference; lastKnownFileType = sourcecode.c.objc; path = SXGHeadLineCollectionViewCell.m; sourceTree = "<group>"; };
		5BF0532422DFFE8C00957E98 /* SXGHeadLineCollectionViewCell.xib */ = {isa = PBXFileReference; lastKnownFileType = file.xib; path = SXGHeadLineCollectionViewCell.xib; sourceTree = "<group>"; };
		712E4BF57E5FA3DDC94BF95D /* Pods_WYNews.framework */ = {isa = PBXFileReference; explicitFileType = wrapper.framework; includeInIndex = 0; path = Pods_WYNews.framework; sourceTree = BUILT_PRODUCTS_DIR; };
		8BE5908A79938B5334D97CCD /* Pods-WYNews.release.xcconfig */ = {isa = PBXFileReference; includeInIndex = 1; lastKnownFileType = text.xcconfig; name = "Pods-WYNews.release.xcconfig"; path = "Target Support Files/Pods-WYNews/Pods-WYNews.release.xcconfig"; sourceTree = "<group>"; };
/* End PBXFileReference section */

/* Begin PBXFrameworksBuildPhase section */
		5B19789622DEC14B00F7694D /* Frameworks */ = {
			isa = PBXFrameworksBuildPhase;
			buildActionMask = 2147483647;
			files = (
				FC0EC1F49A4E94C9FDE4178D /* Pods_WYNews.framework in Frameworks */,
			);
			runOnlyForDeploymentPostprocessing = 0;
		};
/* End PBXFrameworksBuildPhase section */

/* Begin PBXGroup section */
		5B19789022DEC14B00F7694D = {
			isa = PBXGroup;
			children = (
				5B19789B22DEC14B00F7694D /* WYNews */,
				5B19789A22DEC14B00F7694D /* Products */,
				D9C7A5A772DF91861C890C11 /* Pods */,
				7BA5A669638BF59FB29D5644 /* Frameworks */,
			);
			sourceTree = "<group>";
		};
		5B19789A22DEC14B00F7694D /* Products */ = {
			isa = PBXGroup;
			children = (
				5B19789922DEC14B00F7694D /* WYNews.app */,
			);
			name = Products;
			sourceTree = "<group>";
		};
		5B19789B22DEC14B00F7694D /* WYNews */ = {
			isa = PBXGroup;
			children = (
				5B1978B422DEC3E300F7694D /* Classes */,
				5B1978B222DEC31E00F7694D /* Supporting Files */,
				5B19789C22DEC14B00F7694D /* AppDelegate.h */,
				5B19789D22DEC14B00F7694D /* AppDelegate.m */,
			);
			path = WYNews;
			sourceTree = "<group>";
		};
		5B1978B222DEC31E00F7694D /* Supporting Files */ = {
			isa = PBXGroup;
			children = (
				5B1978A522DEC14C00F7694D /* Assets.xcassets */,
				5B1978A722DEC14C00F7694D /* LaunchScreen.storyboard */,
				5B1978AA22DEC14C00F7694D /* Info.plist */,
				5B1978AB22DEC14C00F7694D /* main.m */,
			);
			path = "Supporting Files";
			sourceTree = "<group>";
		};
		5B1978B422DEC3E300F7694D /* Classes */ = {
			isa = PBXGroup;
			children = (
				5B1978B522DEC3E300F7694D /* Other */,
				5B1978B922DEC3E300F7694D /* Main */,
			);
			path = Classes;
			sourceTree = "<group>";
		};
		5B1978B522DEC3E300F7694D /* Other */ = {
			isa = PBXGroup;
			children = (
				5B1978E722DEC45200F7694D /* Tools */,
				5B1978B622DEC3E300F7694D /* Category */,
				5B1978B722DEC3E300F7694D /* Resources */,
				5B1978B822DEC3E300F7694D /* Common */,
			);
			path = Other;
			sourceTree = "<group>";
		};
		5B1978B622DEC3E300F7694D /* Category */ = {
			isa = PBXGroup;
			children = (
				5B1978D422DEC43D00F7694D /* UIButton */,
				5B1978D922DEC43D00F7694D /* UIImage */,
				5B1978CA22DEC43D00F7694D /* UILabel */,
				5B1978D122DEC43D00F7694D /* UINavigationController */,
				5B1978DC22DEC43D00F7694D /* UIView */,
			);
			path = Category;
			sourceTree = "<group>";
		};
		5B1978B722DEC3E300F7694D /* Resources */ = {
			isa = PBXGroup;
			children = (
				5B1978F422DEC84C00F7694D /* newsDetail.html */,
				5B1978F322DEC84C00F7694D /* topic_news.json */,
			);
			path = Resources;
			sourceTree = "<group>";
		};
		5B1978B822DEC3E300F7694D /* Common */ = {
			isa = PBXGroup;
			children = (
				5B1978EE22DEC49700F7694D /* PrefixHeader.pch */,
				5B1978EC22DEC49700F7694D /* SXGCommon.h */,
				5B1978ED22DEC49700F7694D /* SXGCommon.m */,
			);
			path = Common;
			sourceTree = "<group>";
		};
		5B1978B922DEC3E300F7694D /* Main */ = {
			isa = PBXGroup;
			children = (
				5B1978C622DEC3FD00F7694D /* Home */,
				5B1978BA22DEC3E300F7694D /* NewsDetail */,
				5B1978BE22DEC3E300F7694D /* HeadLine */,
				5B1978C222DEC3E300F7694D /* NewsList */,
			);
			path = Main;
			sourceTree = "<group>";
		};
		5B1978BA22DEC3E300F7694D /* NewsDetail */ = {
			isa = PBXGroup;
			children = (
				5B1978BB22DEC3E300F7694D /* ViewModel */,
				5B1978BC22DEC3E300F7694D /* Model */,
				5B1978BD22DEC3E300F7694D /* View */,
			);
			path = NewsDetail;
			sourceTree = "<group>";
		};
		5B1978BB22DEC3E300F7694D /* ViewModel */ = {
			isa = PBXGroup;
			children = (
			);
			path = ViewModel;
			sourceTree = "<group>";
		};
		5B1978BC22DEC3E300F7694D /* Model */ = {
			isa = PBXGroup;
			children = (
			);
			path = Model;
			sourceTree = "<group>";
		};
		5B1978BD22DEC3E300F7694D /* View */ = {
			isa = PBXGroup;
			children = (
			);
			path = View;
			sourceTree = "<group>";
		};
		5B1978BE22DEC3E300F7694D /* HeadLine */ = {
			isa = PBXGroup;
			children = (
				5B1978C022DEC3E300F7694D /* Model */,
				5B1978C122DEC3E300F7694D /* View */,
			);
			path = HeadLine;
			sourceTree = "<group>";
		};
		5B1978C022DEC3E300F7694D /* Model */ = {
			isa = PBXGroup;
			children = (
				5B041CA222DF1D4400990431 /* SXGHeadLineModel.h */,
				5B041CA322DF1D4400990431 /* SXGHeadLineModel.m */,
			);
			path = Model;
			sourceTree = "<group>";
		};
		5B1978C122DEC3E300F7694D /* View */ = {
			isa = PBXGroup;
			children = (
				5BF0531F22DFF9C000957E98 /* SXGHeadLineCollectionViewController.h */,
				5BF0532022DFF9C000957E98 /* SXGHeadLineCollectionViewController.m */,
				5BF0532222DFFE8C00957E98 /* SXGHeadLineCollectionViewCell.h */,
				5BF0532322DFFE8C00957E98 /* SXGHeadLineCollectionViewCell.m */,
				5BF0532422DFFE8C00957E98 /* SXGHeadLineCollectionViewCell.xib */,
			);
			path = View;
			sourceTree = "<group>";
		};
		5B1978C222DEC3E300F7694D /* NewsList */ = {
			isa = PBXGroup;
			children = (
				5B1978C322DEC3E300F7694D /* ViewModel */,
				5B1978C422DEC3E300F7694D /* Model */,
				5B1978C522DEC3E300F7694D /* View */,
			);
			path = NewsList;
			sourceTree = "<group>";
		};
		5B1978C322DEC3E300F7694D /* ViewModel */ = {
			isa = PBXGroup;
			children = (
				5B5EF49E22E07F3700C30690 /* SXGNewsListViewModel.h */,
				5B5EF49F22E07F3700C30690 /* SXGNewsListViewModel.m */,
				5B5EF49B22E07D8D00C30690 /* SXGNewsViewModel.h */,
				5B5EF49C22E07D8D00C30690 /* SXGNewsViewModel.m */,
			);
			path = ViewModel;
			sourceTree = "<group>";
		};
		5B1978C422DEC3E300F7694D /* Model */ = {
			isa = PBXGroup;
			children = (
				5B5EF49022E064D300C30690 /* SXGNewsModel.h */,
				5B5EF49122E064D300C30690 /* SXGNewsModel.m */,
			);
			path = Model;
			sourceTree = "<group>";
		};
		5B1978C522DEC3E300F7694D /* View */ = {
			isa = PBXGroup;
			children = (
				5B9AE15722E1A8870021FB52 /* Detail */,
				5B9AE15622E1A8610021FB52 /* Normal */,
				5B9AE15522E1A85F0021FB52 /* ExtraImage */,
				5B9AE15422E1A85D0021FB52 /* BigImage */,
				5B5EF48D22E0616100C30690 /* SXGNewsListTableViewController.h */,
				5B5EF48E22E0616100C30690 /* SXGNewsListTableViewController.m */,
				5B5EF49822E0709A00C30690 /* SXGNoNetworkTableViewCell.h */,
				5B5EF49922E0709A00C30690 /* SXGNoNetworkTableViewCell.m */,
			);
			path = View;
			sourceTree = "<group>";
		};
		5B1978C622DEC3FD00F7694D /* Home */ = {
			isa = PBXGroup;
			children = (
				5B1978C722DEC3FD00F7694D /* ViewModel */,
				5B1978C822DEC3FD00F7694D /* Model */,
				5B1978C922DEC3FD00F7694D /* View */,
			);
			path = Home;
			sourceTree = "<group>";
		};
		5B1978C722DEC3FD00F7694D /* ViewModel */ = {
			isa = PBXGroup;
			children = (
			);
			path = ViewModel;
			sourceTree = "<group>";
		};
		5B1978C822DEC3FD00F7694D /* Model */ = {
			isa = PBXGroup;
			children = (
				5B1978F722DEC86800F7694D /* SXGNewsTopicModel.h */,
				5B1978F822DEC86800F7694D /* SXGNewsTopicModel.m */,
			);
			path = Model;
			sourceTree = "<group>";
		};
		5B1978C922DEC3FD00F7694D /* View */ = {
			isa = PBXGroup;
			children = (
				5B1978F022DEC57500F7694D /* SXGHomeViewController.h */,
				5B1978F122DEC57500F7694D /* SXGHomeViewController.m */,
				5B5EF4A422E08CED00C30690 /* SXGNewsListCollectionViewCell.h */,
				5B5EF4A522E08CED00C30690 /* SXGNewsListCollectionViewCell.m */,
			);
			path = View;
			sourceTree = "<group>";
		};
		5B1978CA22DEC43D00F7694D /* UILabel */ = {
			isa = PBXGroup;
			children = (
				5B1978CB22DEC43D00F7694D /* XGWeiBoLabel.m */,
				5B1978CC22DEC43D00F7694D /* UILabel+Extension.m */,
				5B1978CD22DEC43D00F7694D /* GZLabel.h */,
				5B1978CE22DEC43D00F7694D /* GZLabel.m */,
				5B1978CF22DEC43D00F7694D /* UILabel+Extension.h */,
				5B1978D022DEC43D00F7694D /* XGWeiBoLabel.h */,
			);
			path = UILabel;
			sourceTree = "<group>";
		};
		5B1978D122DEC43D00F7694D /* UINavigationController */ = {
			isa = PBXGroup;
			children = (
				5B1978D222DEC43D00F7694D /* UINavigationController+XG.m */,
				5B1978D322DEC43D00F7694D /* UINavigationController+XG.h */,
			);
			path = UINavigationController;
			sourceTree = "<group>";
		};
		5B1978D422DEC43D00F7694D /* UIButton */ = {
			isa = PBXGroup;
			children = (
				5B1978D522DEC43D00F7694D /* XGCustomButton.h */,
				5B1978D622DEC43D00F7694D /* UIButton+Extension.h */,
				5B1978D722DEC43D00F7694D /* XGCustomButton.m */,
				5B1978D822DEC43D00F7694D /* UIButton+Extension.m */,
			);
			path = UIButton;
			sourceTree = "<group>";
		};
		5B1978D922DEC43D00F7694D /* UIImage */ = {
			isa = PBXGroup;
			children = (
				5B1978DA22DEC43D00F7694D /* UIImage+EXtension.m */,
				5B1978DB22DEC43D00F7694D /* UIImage+EXtension.h */,
			);
			path = UIImage;
			sourceTree = "<group>";
		};
		5B1978DC22DEC43D00F7694D /* UIView */ = {
			isa = PBXGroup;
			children = (
				5B1978DD22DEC43D00F7694D /* UIView+Frame.m */,
				5B1978DE22DEC43D00F7694D /* UIView+Frame.h */,
			);
			path = UIView;
			sourceTree = "<group>";
		};
		5B1978E722DEC45200F7694D /* Tools */ = {
			isa = PBXGroup;
			children = (
				5B1978E822DEC45F00F7694D /* Network */,
				5BF0531C22DFF1D200957E98 /* SXGNewsDAL.h */,
				5BF0531D22DFF1D200957E98 /* SXGNewsDAL.m */,
			);
			path = Tools;
			sourceTree = "<group>";
		};
		5B1978E822DEC45F00F7694D /* Network */ = {
			isa = PBXGroup;
			children = (
				5B1978E922DEC45F00F7694D /* SXGNetworkTools.h */,
				5B1978EA22DEC45F00F7694D /* SXGNetworkTools.m */,
			);
			path = Network;
			sourceTree = "<group>";
		};
		5B9AE15422E1A85D0021FB52 /* BigImage */ = {
			isa = PBXGroup;
			children = (
				5B9AE14F22E1767F0021FB52 /* SXGBigImageNewsTableViewCell.h */,
				5B9AE15022E1767F0021FB52 /* SXGBigImageNewsTableViewCell.m */,
				5B9AE15122E1767F0021FB52 /* SXGBigImageNewsTableViewCell.xib */,
			);
			path = BigImage;
			sourceTree = "<group>";
		};
		5B9AE15522E1A85F0021FB52 /* ExtraImage */ = {
			isa = PBXGroup;
			children = (
				5B9AE14A22E171AE0021FB52 /* SXGExtraImageNewsTableViewCell.h */,
				5B9AE14B22E171AE0021FB52 /* SXGExtraImageNewsTableViewCell.m */,
				5B9AE14C22E171AE0021FB52 /* SXGExtraImageNewsTableViewCell.xib */,
			);
			path = ExtraImage;
			sourceTree = "<group>";
		};
		5B9AE15622E1A8610021FB52 /* Normal */ = {
			isa = PBXGroup;
			children = (
				5B5EF49322E06D9100C30690 /* SXGNormalNewsTableViewCell.h */,
				5B5EF49422E06D9100C30690 /* SXGNormalNewsTableViewCell.m */,
				5B5EF49522E06D9100C30690 /* SXGNormalNewsTableViewCell.xib */,
			);
			path = Normal;
			sourceTree = "<group>";
		};
		5B9AE15722E1A8870021FB52 /* Detail */ = {
			isa = PBXGroup;
			children = (
				5B9AE15822E1A8A00021FB52 /* SXGNewsDetailViewController.h */,
				5B9AE15922E1A8A00021FB52 /* SXGNewsDetailViewController.m */,
			);
			path = Detail;
			sourceTree = "<group>";
		};
		7BA5A669638BF59FB29D5644 /* Frameworks */ = {
			isa = PBXGroup;
			children = (
				712E4BF57E5FA3DDC94BF95D /* Pods_WYNews.framework */,
			);
			name = Frameworks;
			sourceTree = "<group>";
		};
		D9C7A5A772DF91861C890C11 /* Pods */ = {
			isa = PBXGroup;
			children = (
				4CD3F6CCE97712AC3691C6F0 /* Pods-WYNews.debug.xcconfig */,
				8BE5908A79938B5334D97CCD /* Pods-WYNews.release.xcconfig */,
			);
			path = Pods;
			sourceTree = "<group>";
		};
/* End PBXGroup section */

/* Begin PBXNativeTarget section */
		5B19789822DEC14B00F7694D /* WYNews */ = {
			isa = PBXNativeTarget;
			buildConfigurationList = 5B1978AF22DEC14C00F7694D /* Build configuration list for PBXNativeTarget "WYNews" */;
			buildPhases = (
				A34FA76000D384B136AC2080 /* [CP] Check Pods Manifest.lock */,
				5B19789522DEC14B00F7694D /* Sources */,
				5B19789622DEC14B00F7694D /* Frameworks */,
				5B19789722DEC14B00F7694D /* Resources */,
				CCEEE659CBF0865D2627017B /* [CP] Embed Pods Frameworks */,
			);
			buildRules = (
			);
			dependencies = (
			);
			name = WYNews;
			productName = WYNews;
			productReference = 5B19789922DEC14B00F7694D /* WYNews.app */;
			productType = "com.apple.product-type.application";
		};
/* End PBXNativeTarget section */

/* Begin PBXProject section */
		5B19789122DEC14B00F7694D /* Project object */ = {
			isa = PBXProject;
			attributes = {
				CLASSPREFIX = SXG;
				LastUpgradeCheck = 1000;
				ORGANIZATIONNAME = shaoxingguo;
				TargetAttributes = {
					5B19789822DEC14B00F7694D = {
						CreatedOnToolsVersion = 10.0;
					};
				};
			};
			buildConfigurationList = 5B19789422DEC14B00F7694D /* Build configuration list for PBXProject "WYNews" */;
			compatibilityVersion = "Xcode 9.3";
			developmentRegion = en;
			hasScannedForEncodings = 0;
			knownRegions = (
				en,
				Base,
			);
			mainGroup = 5B19789022DEC14B00F7694D;
			productRefGroup = 5B19789A22DEC14B00F7694D /* Products */;
			projectDirPath = "";
			projectRoot = "";
			targets = (
				5B19789822DEC14B00F7694D /* WYNews */,
			);
		};
/* End PBXProject section */

/* Begin PBXResourcesBuildPhase section */
		5B19789722DEC14B00F7694D /* Resources */ = {
			isa = PBXResourcesBuildPhase;
			buildActionMask = 2147483647;
			files = (
				5B9AE15322E1767F0021FB52 /* SXGBigImageNewsTableViewCell.xib in Resources */,
				5B1978F522DEC84C00F7694D /* topic_news.json in Resources */,
				5BF0532622DFFE8C00957E98 /* SXGHeadLineCollectionViewCell.xib in Resources */,
				5B1978A922DEC14C00F7694D /* LaunchScreen.storyboard in Resources */,
				5B1978F622DEC84C00F7694D /* newsDetail.html in Resources */,
				5B5EF49722E06D9100C30690 /* SXGNormalNewsTableViewCell.xib in Resources */,
				5B1978A622DEC14C00F7694D /* Assets.xcassets in Resources */,
				5B9AE14E22E171AE0021FB52 /* SXGExtraImageNewsTableViewCell.xib in Resources */,
			);
			runOnlyForDeploymentPostprocessing = 0;
		};
/* End PBXResourcesBuildPhase section */

/* Begin PBXShellScriptBuildPhase section */
		A34FA76000D384B136AC2080 /* [CP] Check Pods Manifest.lock */ = {
			isa = PBXShellScriptBuildPhase;
			buildActionMask = 2147483647;
			files = (
			);
			inputFileListPaths = (
			);
			inputPaths = (
				"${PODS_PODFILE_DIR_PATH}/Podfile.lock",
				"${PODS_ROOT}/Manifest.lock",
			);
			name = "[CP] Check Pods Manifest.lock";
			outputFileListPaths = (
			);
			outputPaths = (
				"$(DERIVED_FILE_DIR)/Pods-WYNews-checkManifestLockResult.txt",
			);
			runOnlyForDeploymentPostprocessing = 0;
			shellPath = /bin/sh;
			shellScript = "diff \"${PODS_PODFILE_DIR_PATH}/Podfile.lock\" \"${PODS_ROOT}/Manifest.lock\" > /dev/null\nif [ $? != 0 ] ; then\n    # print error to STDERR\n    echo \"error: The sandbox is not in sync with the Podfile.lock. Run 'pod install' or update your CocoaPods installation.\" >&2\n    exit 1\nfi\n# This output is used by Xcode 'outputs' to avoid re-running this script phase.\necho \"SUCCESS\" > \"${SCRIPT_OUTPUT_FILE_0}\"\n";
			showEnvVarsInLog = 0;
		};
		CCEEE659CBF0865D2627017B /* [CP] Embed Pods Frameworks */ = {
			isa = PBXShellScriptBuildPhase;
			buildActionMask = 2147483647;
			files = (
			);
			inputFileListPaths = (
				"${PODS_ROOT}/Target Support Files/Pods-WYNews/Pods-WYNews-frameworks-${CONFIGURATION}-input-files.xcfilelist",
			);
			name = "[CP] Embed Pods Frameworks";
			outputFileListPaths = (
				"${PODS_ROOT}/Target Support Files/Pods-WYNews/Pods-WYNews-frameworks-${CONFIGURATION}-output-files.xcfilelist",
			);
			runOnlyForDeploymentPostprocessing = 0;
			shellPath = /bin/sh;
			shellScript = "\"${PODS_ROOT}/Target Support Files/Pods-WYNews/Pods-WYNews-frameworks.sh\"\n";
			showEnvVarsInLog = 0;
		};
/* End PBXShellScriptBuildPhase section */

/* Begin PBXSourcesBuildPhase section */
		5B19789522DEC14B00F7694D /* Sources */ = {
			isa = PBXSourcesBuildPhase;
			buildActionMask = 2147483647;
			files = (
				5B5EF4A022E07F3700C30690 /* SXGNewsListViewModel.m in Sources */,
				5B041CA422DF1D4400990431 /* SXGHeadLineModel.m in Sources */,
				5B5EF49222E064D300C30690 /* SXGNewsModel.m in Sources */,
				5B1978F222DEC57500F7694D /* SXGHomeViewController.m in Sources */,
				5B9AE15222E1767F0021FB52 /* SXGBigImageNewsTableViewCell.m in Sources */,
				5BF0532122DFF9C000957E98 /* SXGHeadLineCollectionViewController.m in Sources */,
				5B1978E122DEC43D00F7694D /* GZLabel.m in Sources */,
				5B1978E422DEC43D00F7694D /* UIButton+Extension.m in Sources */,
				5B1978E022DEC43D00F7694D /* UILabel+Extension.m in Sources */,
				5B5EF4A622E08CED00C30690 /* SXGNewsListCollectionViewCell.m in Sources */,
				5B1978E522DEC43D00F7694D /* UIImage+EXtension.m in Sources */,
				5B1978EB22DEC45F00F7694D /* SXGNetworkTools.m in Sources */,
				5B1978EF22DEC49700F7694D /* SXGCommon.m in Sources */,
				5B1978F922DEC86800F7694D /* SXGNewsTopicModel.m in Sources */,
				5B1978E222DEC43D00F7694D /* UINavigationController+XG.m in Sources */,
				5BF0532522DFFE8C00957E98 /* SXGHeadLineCollectionViewCell.m in Sources */,
				5B5EF49D22E07D8D00C30690 /* SXGNewsViewModel.m in Sources */,
				5B1978AC22DEC14C00F7694D /* main.m in Sources */,
				5B1978E322DEC43D00F7694D /* XGCustomButton.m in Sources */,
				5B5EF49622E06D9100C30690 /* SXGNormalNewsTableViewCell.m in Sources */,
				5B1978DF22DEC43D00F7694D /* XGWeiBoLabel.m in Sources */,
				5B9AE15A22E1A8A00021FB52 /* SXGNewsDetailViewController.m in Sources */,
				5B9AE14D22E171AE0021FB52 /* SXGExtraImageNewsTableViewCell.m in Sources */,
				5BF0531E22DFF1D200957E98 /* SXGNewsDAL.m in Sources */,
				5B5EF48F22E0616100C30690 /* SXGNewsListTableViewController.m in Sources */,
				5B1978E622DEC43D00F7694D /* UIView+Frame.m in Sources */,
				5B5EF49A22E0709A00C30690 /* SXGNoNetworkTableViewCell.m in Sources */,
				5B19789E22DEC14B00F7694D /* AppDelegate.m in Sources */,
			);
			runOnlyForDeploymentPostprocessing = 0;
		};
/* End PBXSourcesBuildPhase section */

/* Begin PBXVariantGroup section */
		5B1978A722DEC14C00F7694D /* LaunchScreen.storyboard */ = {
			isa = PBXVariantGroup;
			children = (
				5B1978A822DEC14C00F7694D /* Base */,
			);
			name = LaunchScreen.storyboard;
			sourceTree = "<group>";
		};
/* End PBXVariantGroup section */

/* Begin XCBuildConfiguration section */
		5B1978AD22DEC14C00F7694D /* Debug */ = {
			isa = XCBuildConfiguration;
			buildSettings = {
				ALWAYS_SEARCH_USER_PATHS = NO;
				CLANG_ANALYZER_NONNULL = YES;
				CLANG_ANALYZER_NUMBER_OBJECT_CONVERSION = YES_AGGRESSIVE;
				CLANG_CXX_LANGUAGE_STANDARD = "gnu++14";
				CLANG_CXX_LIBRARY = "libc++";
				CLANG_ENABLE_MODULES = YES;
				CLANG_ENABLE_OBJC_ARC = YES;
				CLANG_ENABLE_OBJC_WEAK = YES;
				CLANG_WARN_BLOCK_CAPTURE_AUTORELEASING = YES;
				CLANG_WARN_BOOL_CONVERSION = YES;
				CLANG_WARN_COMMA = YES;
				CLANG_WARN_CONSTANT_CONVERSION = YES;
				CLANG_WARN_DEPRECATED_OBJC_IMPLEMENTATIONS = YES;
				CLANG_WARN_DIRECT_OBJC_ISA_USAGE = YES_ERROR;
				CLANG_WARN_DOCUMENTATION_COMMENTS = YES;
				CLANG_WARN_EMPTY_BODY = YES;
				CLANG_WARN_ENUM_CONVERSION = YES;
				CLANG_WARN_INFINITE_RECURSION = YES;
				CLANG_WARN_INT_CONVERSION = YES;
				CLANG_WARN_NON_LITERAL_NULL_CONVERSION = YES;
				CLANG_WARN_OBJC_IMPLICIT_RETAIN_SELF = YES;
				CLANG_WARN_OBJC_LITERAL_CONVERSION = YES;
				CLANG_WARN_OBJC_ROOT_CLASS = YES_ERROR;
				CLANG_WARN_RANGE_LOOP_ANALYSIS = YES;
				CLANG_WARN_STRICT_PROTOTYPES = YES;
				CLANG_WARN_SUSPICIOUS_MOVE = YES;
				CLANG_WARN_UNGUARDED_AVAILABILITY = YES_AGGRESSIVE;
				CLANG_WARN_UNREACHABLE_CODE = YES;
				CLANG_WARN__DUPLICATE_METHOD_MATCH = YES;
				CODE_SIGN_IDENTITY = "iPhone Developer";
				COPY_PHASE_STRIP = NO;
				DEBUG_INFORMATION_FORMAT = dwarf;
				ENABLE_STRICT_OBJC_MSGSEND = YES;
				ENABLE_TESTABILITY = YES;
				GCC_C_LANGUAGE_STANDARD = gnu11;
				GCC_DYNAMIC_NO_PIC = NO;
				GCC_NO_COMMON_BLOCKS = YES;
				GCC_OPTIMIZATION_LEVEL = 0;
				GCC_PREPROCESSOR_DEFINITIONS = (
					"DEBUG=1",
					"$(inherited)",
				);
				GCC_WARN_64_TO_32_BIT_CONVERSION = YES;
				GCC_WARN_ABOUT_RETURN_TYPE = YES_ERROR;
				GCC_WARN_UNDECLARED_SELECTOR = YES;
				GCC_WARN_UNINITIALIZED_AUTOS = YES_AGGRESSIVE;
				GCC_WARN_UNUSED_FUNCTION = YES;
				GCC_WARN_UNUSED_VARIABLE = YES;
				IPHONEOS_DEPLOYMENT_TARGET = 12.0;
				MTL_ENABLE_DEBUG_INFO = INCLUDE_SOURCE;
				MTL_FAST_MATH = YES;
				ONLY_ACTIVE_ARCH = YES;
				SDKROOT = iphoneos;
			};
			name = Debug;
		};
		5B1978AE22DEC14C00F7694D /* Release */ = {
			isa = XCBuildConfiguration;
			buildSettings = {
				ALWAYS_SEARCH_USER_PATHS = NO;
				CLANG_ANALYZER_NONNULL = YES;
				CLANG_ANALYZER_NUMBER_OBJECT_CONVERSION = YES_AGGRESSIVE;
				CLANG_CXX_LANGUAGE_STANDARD = "gnu++14";
				CLANG_CXX_LIBRARY = "libc++";
				CLANG_ENABLE_MODULES = YES;
				CLANG_ENABLE_OBJC_ARC = YES;
				CLANG_ENABLE_OBJC_WEAK = YES;
				CLANG_WARN_BLOCK_CAPTURE_AUTORELEASING = YES;
				CLANG_WARN_BOOL_CONVERSION = YES;
				CLANG_WARN_COMMA = YES;
				CLANG_WARN_CONSTANT_CONVERSION = YES;
				CLANG_WARN_DEPRECATED_OBJC_IMPLEMENTATIONS = YES;
				CLANG_WARN_DIRECT_OBJC_ISA_USAGE = YES_ERROR;
				CLANG_WARN_DOCUMENTATION_COMMENTS = YES;
				CLANG_WARN_EMPTY_BODY = YES;
				CLANG_WARN_ENUM_CONVERSION = YES;
				CLANG_WARN_INFINITE_RECURSION = YES;
				CLANG_WARN_INT_CONVERSION = YES;
				CLANG_WARN_NON_LITERAL_NULL_CONVERSION = YES;
				CLANG_WARN_OBJC_IMPLICIT_RETAIN_SELF = YES;
				CLANG_WARN_OBJC_LITERAL_CONVERSION = YES;
				CLANG_WARN_OBJC_ROOT_CLASS = YES_ERROR;
				CLANG_WARN_RANGE_LOOP_ANALYSIS = YES;
				CLANG_WARN_STRICT_PROTOTYPES = YES;
				CLANG_WARN_SUSPICIOUS_MOVE = YES;
				CLANG_WARN_UNGUARDED_AVAILABILITY = YES_AGGRESSIVE;
				CLANG_WARN_UNREACHABLE_CODE = YES;
				CLANG_WARN__DUPLICATE_METHOD_MATCH = YES;
				CODE_SIGN_IDENTITY = "iPhone Developer";
				COPY_PHASE_STRIP = NO;
				DEBUG_INFORMATION_FORMAT = "dwarf-with-dsym";
				ENABLE_NS_ASSERTIONS = NO;
				ENABLE_STRICT_OBJC_MSGSEND = YES;
				GCC_C_LANGUAGE_STANDARD = gnu11;
				GCC_NO_COMMON_BLOCKS = YES;
				GCC_WARN_64_TO_32_BIT_CONVERSION = YES;
				GCC_WARN_ABOUT_RETURN_TYPE = YES_ERROR;
				GCC_WARN_UNDECLARED_SELECTOR = YES;
				GCC_WARN_UNINITIALIZED_AUTOS = YES_AGGRESSIVE;
				GCC_WARN_UNUSED_FUNCTION = YES;
				GCC_WARN_UNUSED_VARIABLE = YES;
				IPHONEOS_DEPLOYMENT_TARGET = 12.0;
				MTL_ENABLE_DEBUG_INFO = NO;
				MTL_FAST_MATH = YES;
				SDKROOT = iphoneos;
				VALIDATE_PRODUCT = YES;
			};
			name = Release;
		};
		5B1978B022DEC14C00F7694D /* Debug */ = {
			isa = XCBuildConfiguration;
			baseConfigurationReference = 4CD3F6CCE97712AC3691C6F0 /* Pods-WYNews.debug.xcconfig */;
			buildSettings = {
				ASSETCATALOG_COMPILER_APPICON_NAME = AppIcon;
				CODE_SIGN_STYLE = Automatic;
				GCC_PRECOMPILE_PREFIX_HEADER = YES;
				GCC_PREFIX_HEADER = WYNews/Classes/Other/Common/PrefixHeader.pch;
				INFOPLIST_FILE = "WYNews/Supporting Files/Info.plist";
				IPHONEOS_DEPLOYMENT_TARGET = 11.0;
				LD_RUNPATH_SEARCH_PATHS = (
					"$(inherited)",
					"@executable_path/Frameworks",
				);
				PRODUCT_BUNDLE_IDENTIFIER = com.hikvision.WYNews;
				PRODUCT_NAME = "$(TARGET_NAME)";
				TARGETED_DEVICE_FAMILY = 1;
			};
			name = Debug;
		};
		5B1978B122DEC14C00F7694D /* Release */ = {
			isa = XCBuildConfiguration;
			baseConfigurationReference = 8BE5908A79938B5334D97CCD /* Pods-WYNews.release.xcconfig */;
			buildSettings = {
				ASSETCATALOG_COMPILER_APPICON_NAME = AppIcon;
				CODE_SIGN_STYLE = Automatic;
				GCC_PRECOMPILE_PREFIX_HEADER = YES;
				GCC_PREFIX_HEADER = WYNews/Classes/Other/Common/PrefixHeader.pch;
				INFOPLIST_FILE = "WYNews/Supporting Files/Info.plist";
				IPHONEOS_DEPLOYMENT_TARGET = 11.0;
				LD_RUNPATH_SEARCH_PATHS = (
					"$(inherited)",
					"@executable_path/Frameworks",
				);
				PRODUCT_BUNDLE_IDENTIFIER = com.hikvision.WYNews;
				PRODUCT_NAME = "$(TARGET_NAME)";
				TARGETED_DEVICE_FAMILY = 1;
			};
			name = Release;
		};
/* End XCBuildConfiguration section */

/* Begin XCConfigurationList section */
		5B19789422DEC14B00F7694D /* Build configuration list for PBXProject "WYNews" */ = {
			isa = XCConfigurationList;
			buildConfigurations = (
				5B1978AD22DEC14C00F7694D /* Debug */,
				5B1978AE22DEC14C00F7694D /* Release */,
			);
			defaultConfigurationIsVisible = 0;
			defaultConfigurationName = Release;
		};
		5B1978AF22DEC14C00F7694D /* Build configuration list for PBXNativeTarget "WYNews" */ = {
			isa = XCConfigurationList;
			buildConfigurations = (
				5B1978B022DEC14C00F7694D /* Debug */,
				5B1978B122DEC14C00F7694D /* Release */,
			);
			defaultConfigurationIsVisible = 0;
			defaultConfigurationName = Release;
		};
/* End XCConfigurationList section */
	};
	rootObject = 5B19789122DEC14B00F7694D /* Project object */;
}
